
Microsoft Visual Studio Solution File, Format Version 12.00
# Visual Studio Version 17
VisualStudioVersion = 17.3.32819.101
MinimumVisualStudioVersion = 10.0.40219.1
Project("{FAE04EC0-301F-11D3-BF4B-00C04F79EFBC}") = "TelepathyLabsHotel", "TelepathyLabsHotel\TelepathyLabsHotel.csproj", "{9694D6FF-A0AB-4527-904B-25FB34917117}"
EndProject
Global
	GlobalSection(SolutionConfigurationPlatforms) = preSolution
		Debug|Any CPU = Debug|Any CPU
		Release|Any CPU = Release|Any CPU
	EndGlobalSection
	GlobalSection(ProjectConfigurationPlatforms) = postSolution
		{9694D6FF-A0AB-4527-904B-25FB34917117}.Debug|Any CPU.ActiveCfg = Debug|Any CPU
		{9694D6FF-A0AB-4527-904B-25FB34917117}.Debug|Any CPU.Build.0 = Debug|Any CPU
		{9694D6FF-A0AB-4527-904B-25FB34917117}.Release|Any CPU.ActiveCfg = Release|Any CPU
		{9694D6FF-A0AB-4527-904B-25FB34917117}.Release|Any CPU.Build.0 = Release|Any CPU
	EndGlobalSection
	GlobalSection(SolutionProperties) = preSolution
		HideSolutionNode = FALSE
	EndGlobalSection
	GlobalSection(ExtensibilityGlobals) = postSolution
		SolutionGuid = {D7BDE6BE-71E7-4688-A4EF-EE7E3B7272D0}
	EndGlobalSection
EndGlobal
